
Microsoft Visual Studio Solution File, Format Version 10.00
# Visual Studio 2008
Project("{F184B08F-C81C-45F6-A57F-5ABD9991F28F}") = "SW_CalathusLlenos", "SW_CalathusLlenos\SW_CalathusLlenos.vbproj", "{1CC7F210-1D3E-47E9-B21B-8A16009C149C}"
EndProject
Global
	GlobalSection(SolutionConfigurationPlatforms) = preSolution
		Debug|Any CPU = Debug|Any CPU
		Release|Any CPU = Release|Any CPU
	EndGlobalSection
	GlobalSection(ProjectConfigurationPlatforms) = postSolution
		{1CC7F210-1D3E-47E9-B21B-8A16009C149C}.Debug|Any CPU.ActiveCfg = Debug|Any CPU
		{1CC7F210-1D3E-47E9-B21B-8A16009C149C}.Debug|Any CPU.Build.0 = Debug|Any CPU
		{1CC7F210-1D3E-47E9-B21B-8A16009C149C}.Release|Any CPU.ActiveCfg = Release|Any CPU
		{1CC7F210-1D3E-47E9-B21B-8A16009C149C}.Release|Any CPU.Build.0 = Release|Any CPU
	EndGlobalSection
	GlobalSection(SolutionProperties) = preSolution
		HideSolutionNode = FALSE
	EndGlobalSection
EndGlobal
